# THIS IS AN AUTOGENERATED FILE. DO NOT EDIT THIS FILE DIRECTLY.
# yarn lockfile v1


"@ungap/create-content@^0.1.4":
  version "0.1.4"
  resolved "https://registry.yarnpkg.com/@ungap/create-content/-/create-content-0.1.4.tgz#e30b40c527d40dbac598672fc2ad497f912b30c6"
  integrity sha512-YM6YQkF5wUxJlw5yDzEAzJfPK/kXR/GxIARx4NNJCInfx/nirHmy3ujPjfi7CaXjcVCwyfpv3vKQm6h762lbRA==

"@ungap/custom-event@^0.2.0":
  version "0.2.0"
  resolved "https://registry.yarnpkg.com/@ungap/custom-event/-/custom-event-0.2.0.tgz#0d200735806ba13f2cf1e8f8522b2a812e08947e"
  integrity sha512-jovJx+4IaAL8JAzepJXDBVlS9t9mR3vKbbjcHwHCF+sN0KKCYQ2pNVAlQYiRrPqeNBl5VXU7uUDOKBg9ODB+0Q==

"@ungap/element-matches@^0.1.0":
  version "0.1.0"
  resolved "https://registry.yarnpkg.com/@ungap/element-matches/-/element-matches-0.1.0.tgz#0cafd8c6908698743843a3e11d4ba1a07d91214a"
  integrity sha512-TDXQWTisRdbbgSVS7FrdK0sdWWsCo+a+UTMa1fN6dzEoYPQI400vlsL8nKalVGpsLJ+MkYmsS2TGCee0fJL74Q==

"@ungap/essential-map@^0.2.0":
  version "0.2.0"
  resolved "https://registry.yarnpkg.com/@ungap/essential-map/-/essential-map-0.2.0.tgz#c8721ac3512331c9b80382be99fff1b04eedba1d"
  integrity sha512-PM7rUPhH2IAeDZXGjMi1KwNVW/4b/wxfzlPkZSXacHA5A98n+PdCou+HD2EaeXlO8pY5Tp81Ysg+J2xB7J/mjw==

"@ungap/essential-weakset@^0.1.2":
  version "0.1.2"
  resolved "https://registry.yarnpkg.com/@ungap/essential-weakset/-/essential-weakset-0.1.2.tgz#0d26af948306db5034659df911268ebfbea5e2b8"
  integrity sha512-Z7CBb/xr5V6wvdkdxKkDN0iUDz+EFfXW+O715VoWaDm1UiP+drx4U6S6aFhqYpKt0vTfbWHqrjdWj44B8q4A3A==

"@ungap/import-node@^0.1.0":
  version "0.1.0"
  resolved "https://registry.yarnpkg.com/@ungap/import-node/-/import-node-0.1.0.tgz#9ad7d3af37c2454504b2bd0b63580063c297d5f1"
  integrity sha512-FymNeJTWYNrZcnj7HFJwdaAZWrD1bUv8Na60RGIA142qtaRcOZs0KHGh+QSy7u7GNpW6wGnw9EdCQx4IYPE8cg==

"@ungap/is-array@^0.1.1":
  version "0.1.1"
  resolved "https://registry.yarnpkg.com/@ungap/is-array/-/is-array-0.1.1.tgz#0169cc0bbd6b8ac21e924dbbe1965da2c6850d23"
  integrity sha512-867tkp7LhJsOS3iULhhCluRV69bwyRQgBEwZSkm6VnZs8LFVD6VWFugiWc7Zgxwx4Psbrrou15u57n8YNIbKAQ==

"@ungap/node-contains@^0.1.0":
  version "0.1.0"
  resolved "https://registry.yarnpkg.com/@ungap/node-contains/-/node-contains-0.1.0.tgz#16e0886b46d7c22e8ce987c5831143f707a356a6"
  integrity sha512-nPDKslDP1mh9IKWTYN4pWavwNd9HHTYgt4LQWvtI7mDxiyL4DP4jT1KlUM3aIJ++ha0lalu9meC2nkLi/j588w==

"@ungap/template-literal@^0.4.1":
  version "0.4.1"
  resolved "https://registry.yarnpkg.com/@ungap/template-literal/-/template-literal-0.4.1.tgz#f4bbf86591d63d4bdf0a82158cc9506111dbc7d6"
  integrity sha512-+hoSovATXOiz+KaKP8qHSl1/4Pgvne1/1CjD17GeQv8AAIMU2JFTPidqYFowrpAFPvuzuSn3fUVQygePVNp/WQ==
  dependencies:
    "@ungap/weakmap" "^0.1.4"

"@ungap/template-tag-arguments@^0.3.1":
  version "0.3.1"
  resolved "https://registry.yarnpkg.com/@ungap/template-tag-arguments/-/template-tag-arguments-0.3.1.tgz#b26917352903c07b2d852c143b67c2116e3cbaef"
  integrity sha512-UGZGVfvEu1VenIPXQl/0IF/uTBoryMf0WZXWAgMC/HQECiUm0Cmy3DYB1sS3ybQf9XuXrYTUIECD3xTzQ0A9og==
  dependencies:
    "@ungap/template-literal" "^0.4.1"

"@ungap/trim@^0.1.1":
  version "0.1.1"
  resolved "https://registry.yarnpkg.com/@ungap/trim/-/trim-0.1.1.tgz#f956174af66689e64156ee0725f4a040f4b5a098"
  integrity sha512-f2jiPMFD8qmoNV5kxZ6RwSwmnloxtGUcG3W5Fbe9rC3vwXlPxWT0g5J0mN3+rM9C/u1p24gIVTSxNBPOtyu7Sw==

"@ungap/weakmap@^0.1.4":
  version "0.1.4"
  resolved "https://registry.yarnpkg.com/@ungap/weakmap/-/weakmap-0.1.4.tgz#7ca55d2cab02639686b2c90e58cf161b8a3c482d"
  integrity sha512-TO4TTwlQXdjHKoWgKxsMqApnOV8JruaNilqOg0I04MTYb5+fj9taIVijS4ILwWg0ytQY5DwTKzPWj+0G+7bsXw==

disconnected@^0.2.1:
  version "0.2.1"
  resolved "https://registry.yarnpkg.com/disconnected/-/disconnected-0.2.1.tgz#4a970bdef1d38bdee8f66322b68b17f288a0b4d3"
  integrity sha512-483TUpj4dA7Ye42xrErztbw3PKpkboPf1aB9mG4+S+RGGxFVv72hQBbS8MqN8LZLWHzfcmk2tMTRR5CoyxNglg==

domconstants@^0.1.1:
  version "0.1.1"
  resolved "https://registry.yarnpkg.com/domconstants/-/domconstants-0.1.1.tgz#1675bdd1e8315d62a3c98e9a611fa19584310759"
  integrity sha512-Pk4K6tLOzSh0cZDuh7TQivZtYLC6Z8dNissoDyy2tQoVNg8ewScxG3AVJO76kLcTta/u7bgEO6xbIR97MiInfA==

domdiff@^2.2.1:
  version "2.2.1"
  resolved "https://registry.yarnpkg.com/domdiff/-/domdiff-2.2.1.tgz#e76a3a3cb3f0b89d8c62256d5bcfe7bd25878e75"
  integrity sha512-TMhytimYWli3txUhRcCnbjKDi07SZgCexiJ0ud8PLuzQqkYzOenm8z3vqI+pskNsVfKAbZ2xZqpWxGmi8pnBRg==

domsanitizer@^0.2.2:
  version "0.2.2"
  resolved "https://registry.yarnpkg.com/domsanitizer/-/domsanitizer-0.2.2.tgz#472b67e039058446c3085a8b897fc55f00040a45"
  integrity sha512-2nqCaLWi+tpT7oOa862BVrG7bHzYlWFZ5ltmvt4LXECxe5FnwF/zKGs/gWanZWGmv1pwdUTkO9TamoZMqI0Pmg==
  dependencies:
    domconstants "^0.1.1"

domtagger@^0.6.1:
  version "0.6.1"
  resolved "https://registry.yarnpkg.com/domtagger/-/domtagger-0.6.1.tgz#05f6f3bf3647721ff67f7acba4f8e5f8276fb4d7"
  integrity sha512-GZBz0HVVt4fUDKSQUZogHdsi8AvvcBxRXY2BoT2NTkNzpefhemhE2vJ12cMBS4D1cqnqJSzL1xybvikASNRrWQ==
  dependencies:
    "@ungap/create-content" "^0.1.4"
    "@ungap/import-node" "^0.1.0"
    "@ungap/trim" "^0.1.1"
    "@ungap/weakmap" "^0.1.4"
    domconstants "^0.1.1"
    domsanitizer "^0.2.2"

hyperhtml-element@^3.12.2:
  version "3.12.2"
  resolved "https://registry.yarnpkg.com/hyperhtml-element/-/hyperhtml-element-3.12.2.tgz#92172582b95fd440d6f22057bdab3f7d966f265d"
  integrity sha512-U+jWYUjqKvCMHdBqNkZuJD/kepgzkbzWGes7jGgFgpPKsWMfU05Mnhrvi1xPqhSJZIwctkFDL7zp4z7uBSUnBA==
  dependencies:
    hyperhtml "^2.31.6"

hyperhtml-style@^0.1.2:
  version "0.1.2"
  resolved "https://registry.yarnpkg.com/hyperhtml-style/-/hyperhtml-style-0.1.2.tgz#c7a7904656a95575d5afdd06ac96bb4d757e0197"
  integrity sha512-ZDRYNClEaqUS0a8RAED0nQRqWmZk7ctdyij3Iw/PqUUef6xhYO87nx9vJNuxg7Yc6J2FdJjXRKbB0iud2ZyzwQ==

hyperhtml-wire@^2.1.0:
  version "2.1.0"
  resolved "https://registry.yarnpkg.com/hyperhtml-wire/-/hyperhtml-wire-2.1.0.tgz#d4684b7a52c733e9b8df823275f6e5dd1cdc6039"
  integrity sha512-LqFs/MgvxyMVM8O3Fx7QcCDWWkga3JeMA7C1inHM71PIchupSyj2u/zG8Blw+KfJHIFmEsx09KxOrgykGqoopQ==

hyperhtml@^2.31.6:
  version "2.32.1"
  resolved "https://registry.yarnpkg.com/hyperhtml/-/hyperhtml-2.32.1.tgz#0621b83d4f92df853c91672eca3cee152036339b"
  integrity sha512-/dJMkkxg1SjampEAL9FMkEIxLlE1lFO7b+cYYJBc8BheEvCwszMacPjjOxGNdMl4R2UlFQvV+joIjO4JaS4Rtg==
  dependencies:
    "@ungap/create-content" "^0.1.4"
    "@ungap/custom-event" "^0.2.0"
    "@ungap/essential-map" "^0.2.0"
    "@ungap/essential-weakset" "^0.1.2"
    "@ungap/is-array" "^0.1.1"
    "@ungap/template-tag-arguments" "^0.3.1"
    "@ungap/weakmap" "^0.1.4"
    disconnected "^0.2.1"
    domdiff "^2.2.1"
    domtagger "^0.6.1"
    hyperhtml-style "^0.1.2"
    hyperhtml-wire "^2.1.0"
    lightercollective "^0.3.0"

isarray@0.0.1:
  version "0.0.1"
  resolved "https://registry.yarnpkg.com/isarray/-/isarray-0.0.1.tgz#8a18acfca9a8f4177e09abfc6038939b05d1eedf"
  integrity sha1-ihis/Kmo9Bd+Cav8YDiTmwXR7t8=

lightercollective@^0.3.0:
  version "0.3.0"
  resolved "https://registry.yarnpkg.com/lightercollective/-/lightercollective-0.3.0.tgz#1f07638642ec645d70bdb69ab2777676f35a28f0"
  integrity sha512-RFOLSUVvwdK3xA0P8o6G7QGXLIyy1L2qv5caEI7zXN5ciaEjbAriRF182kbsoJ1S1TgvpyGcN485fMky6qxOPw==

lighterhtml@^2.0.11:
  version "2.1.0"
  resolved "https://registry.yarnpkg.com/lighterhtml/-/lighterhtml-2.1.0.tgz#bbfa7aef93f17e62c22f2540cb4ba9ca502de8ab"
  integrity sha512-5py7liM/MLJbO2e9G0AR3ciwblAJm9yRYwtv6QDC9vWKQFXKJIWSbHH28IBlJb5xBgwiLkN1G8yWcOtgZRCdwg==
  dependencies:
    "@ungap/create-content" "^0.1.4"
    "@ungap/template-tag-arguments" "^0.3.1"
    "@ungap/weakmap" "^0.1.4"
    domdiff "^2.2.1"
    domsanitizer "^0.2.2"
    domtagger "^0.6.1"
    hyperhtml-style "^0.1.2"
    hyperhtml-wire "^2.1.0"

page@^1.11.5:
  version "1.11.5"
  resolved "https://registry.yarnpkg.com/page/-/page-1.11.5.tgz#0cfc8608be337f26f4377f31df0787aef0ca1af7"
  integrity sha512-0JXUHc7Y8p1cPJQbhZSwaKO3p+bU3Rgny+OM5gJMKHWHvJKan/fsE5RUzEjRQolv9DzPOSVWfSOHz0lLxK19eA==
  dependencies:
    path-to-regexp "~1.2.1"

path-to-regexp@~1.2.1:
  version "1.2.1"
  resolved "https://registry.yarnpkg.com/path-to-regexp/-/path-to-regexp-1.2.1.tgz#b33705c140234d873c8721c7b9fd8b541ed3aff9"
  integrity sha1-szcFwUAjTYc8hyHHuf2LVB7Tr/k=
  dependencies:
    isarray "0.0.1"

tachyons@^4.11.1:
  version "4.11.1"
  resolved "https://registry.yarnpkg.com/tachyons/-/tachyons-4.11.1.tgz#4e3666e7299e47aea7d820e0580dd4dc07cf3feb"
  integrity sha512-n5zIZ8i8kZ8vz05vX1BdvkP8b9ufsMeSRmdqTuUtz5rlNxr03nntiZMc/HTADIsPYZj/wZJDJglxV0/yvvaiZA==

wicked-elements@^1.1.3:
  version "1.1.3"
  resolved "https://registry.yarnpkg.com/wicked-elements/-/wicked-elements-1.1.3.tgz#44f945d3f395b3a1db80cc79ea81806ca18d98da"
  integrity sha512-4I0kV+WNWXNFoNHoveDtQZEW+2QH6cZV/GPeBNd2CPSF/pzAJQVh56/g/ljtGA+iDQN0U5VkuS2Yki5/Le0DMw==
  dependencies:
    "@ungap/element-matches" "^0.1.0"
    "@ungap/node-contains" "^0.1.0"
